// !$*UTF8*$!
{
	archiveVersion = 1;
	classes = {
	};
	objectVersion = 50;
	objects = {

/* Begin PBXBuildFile section */
		3EFDBF8B25E7F5B5003851F6 /* SmartCareApp.swift in Sources */ = {isa = PBXBuildFile; fileRef = 3EFDBF8A25E7F5B5003851F6 /* SmartCareApp.swift */; };
		3EFDBF8D25E7F5B5003851F6 /* ContentView.swift in Sources */ = {isa = PBXBuildFile; fileRef = 3EFDBF8C25E7F5B5003851F6 /* ContentView.swift */; };
		3EFDBF8F25E7F5B9003851F6 /* Assets.xcassets in Resources */ = {isa = PBXBuildFile; fileRef = 3EFDBF8E25E7F5B9003851F6 /* Assets.xcassets */; };
		3EFDBF9225E7F5B9003851F6 /* Preview Assets.xcassets in Resources */ = {isa = PBXBuildFile; fileRef = 3EFDBF9125E7F5B9003851F6 /* Preview Assets.xcassets */; };
		3EFDBFA225E806DF003851F6 /* WardCareView.swift in Sources */ = {isa = PBXBuildFile; fileRef = 3EFDBFA125E806DF003851F6 /* WardCareView.swift */; };
		3EFDBFA525E80DAD003851F6 /* StartButtonView.swift in Sources */ = {isa = PBXBuildFile; fileRef = 3EFDBFA425E80DAD003851F6 /* StartButtonView.swift */; };
		3EFDBFA825E81592003851F6 /* Homepage.swift in Sources */ = {isa = PBXBuildFile; fileRef = 3EFDBFA725E81592003851F6 /* Homepage.swift */; };
		3EFDBFAB25E8196D003851F6 /* SelectButtonView.swift in Sources */ = {isa = PBXBuildFile; fileRef = 3EFDBFAA25E8196D003851F6 /* SelectButtonView.swift */; };
		3EFDBFB025E88491003851F6 /* OnBoardingView.swift in Sources */ = {isa = PBXBuildFile; fileRef = 3EFDBFAF25E88491003851F6 /* OnBoardingView.swift */; };
		3EFDBFB425E88E12003851F6 /* WardModel.swift in Sources */ = {isa = PBXBuildFile; fileRef = 3EFDBFB325E88E12003851F6 /* WardModel.swift */; };
		3EFDBFB925E89079003851F6 /* WardData.swift in Sources */ = {isa = PBXBuildFile; fileRef = 3EFDBFB825E89079003851F6 /* WardData.swift */; };
/* End PBXBuildFile section */

/* Begin PBXFileReference section */
		3EFDBF8725E7F5B5003851F6 /* SmartCare.app */ = {isa = PBXFileReference; explicitFileType = wrapper.application; includeInIndex = 0; path = SmartCare.app; sourceTree = BUILT_PRODUCTS_DIR; };
		3EFDBF8A25E7F5B5003851F6 /* SmartCareApp.swift */ = {isa = PBXFileReference; lastKnownFileType = sourcecode.swift; path = SmartCareApp.swift; sourceTree = "<group>"; };
		3EFDBF8C25E7F5B5003851F6 /* ContentView.swift */ = {isa = PBXFileReference; lastKnownFileType = sourcecode.swift; path = ContentView.swift; sourceTree = "<group>"; };
		3EFDBF8E25E7F5B9003851F6 /* Assets.xcassets */ = {isa = PBXFileReference; lastKnownFileType = folder.assetcatalog; path = Assets.xcassets; sourceTree = "<group>"; };
		3EFDBF9125E7F5B9003851F6 /* Preview Assets.xcassets */ = {isa = PBXFileReference; lastKnownFileType = folder.assetcatalog; path = "Preview Assets.xcassets"; sourceTree = "<group>"; };
		3EFDBF9325E7F5B9003851F6 /* Info.plist */ = {isa = PBXFileReference; lastKnownFileType = text.plist.xml; path = Info.plist; sourceTree = "<group>"; };
		3EFDBFA125E806DF003851F6 /* WardCareView.swift */ = {isa = PBXFileReference; lastKnownFileType = sourcecode.swift; path = WardCareView.swift; sourceTree = "<group>"; };
		3EFDBFA425E80DAD003851F6 /* StartButtonView.swift */ = {isa = PBXFileReference; lastKnownFileType = sourcecode.swift; path = StartButtonView.swift; sourceTree = "<group>"; };
		3EFDBFA725E81592003851F6 /* Homepage.swift */ = {isa = PBXFileReference; lastKnownFileType = sourcecode.swift; path = Homepage.swift; sourceTree = "<group>"; };
		3EFDBFAA25E8196D003851F6 /* SelectButtonView.swift */ = {isa = PBXFileReference; lastKnownFileType = sourcecode.swift; path = SelectButtonView.swift; sourceTree = "<group>"; };
		3EFDBFAF25E88491003851F6 /* OnBoardingView.swift */ = {isa = PBXFileReference; lastKnownFileType = sourcecode.swift; path = OnBoardingView.swift; sourceTree = "<group>"; };
		3EFDBFB325E88E12003851F6 /* WardModel.swift */ = {isa = PBXFileReference; lastKnownFileType = sourcecode.swift; path = WardModel.swift; sourceTree = "<group>"; };
		3EFDBFB825E89079003851F6 /* WardData.swift */ = {isa = PBXFileReference; lastKnownFileType = sourcecode.swift; path = WardData.swift; sourceTree = "<group>"; };
/* End PBXFileReference section */

/* Begin PBXFrameworksBuildPhase section */
		3EFDBF8425E7F5B5003851F6 /* Frameworks */ = {
			isa = PBXFrameworksBuildPhase;
			buildActionMask = 2147483647;
			files = (
			);
			runOnlyForDeploymentPostprocessing = 0;
		};
/* End PBXFrameworksBuildPhase section */

/* Begin PBXGroup section */
		3EFDBF7E25E7F5B5003851F6 = {
			isa = PBXGroup;
			children = (
				3EFDBF8925E7F5B5003851F6 /* SmartCare */,
				3EFDBF8825E7F5B5003851F6 /* Products */,
			);
			sourceTree = "<group>";
		};
		3EFDBF8825E7F5B5003851F6 /* Products */ = {
			isa = PBXGroup;
			children = (
				3EFDBF8725E7F5B5003851F6 /* SmartCare.app */,
			);
			name = Products;
			sourceTree = "<group>";
		};
		3EFDBF8925E7F5B5003851F6 /* SmartCare */ = {
			isa = PBXGroup;
			children = (
				3EFDBFB725E8905B003851F6 /* Data */,
				3EFDBFB225E88DF8003851F6 /* Model */,
				3EFDBF9C25E80614003851F6 /* View */,
				3EFDBF9B25E805FD003851F6 /* App */,
				3EFDBF9325E7F5B9003851F6 /* Info.plist */,
				3EFDBF8E25E7F5B9003851F6 /* Assets.xcassets */,
				3EFDBF9025E7F5B9003851F6 /* Preview Content */,
			);
			path = SmartCare;
			sourceTree = "<group>";
		};
		3EFDBF9025E7F5B9003851F6 /* Preview Content */ = {
			isa = PBXGroup;
			children = (
				3EFDBF9125E7F5B9003851F6 /* Preview Assets.xcassets */,
			);
			path = "Preview Content";
			sourceTree = "<group>";
		};
		3EFDBF9B25E805FD003851F6 /* App */ = {
			isa = PBXGroup;
			children = (
				3EFDBF8A25E7F5B5003851F6 /* SmartCareApp.swift */,
				3EFDBF8C25E7F5B5003851F6 /* ContentView.swift */,
				3EFDBFAF25E88491003851F6 /* OnBoardingView.swift */,
			);
			path = App;
			sourceTree = "<group>";
		};
		3EFDBF9C25E80614003851F6 /* View */ = {
			isa = PBXGroup;
			children = (
				3EFDBFA725E81592003851F6 /* Homepage.swift */,
				3EFDBFA125E806DF003851F6 /* WardCareView.swift */,
				3EFDBFA425E80DAD003851F6 /* StartButtonView.swift */,
				3EFDBFAA25E8196D003851F6 /* SelectButtonView.swift */,
			);
			path = View;
			sourceTree = "<group>";
		};
		3EFDBFB225E88DF8003851F6 /* Model */ = {
			isa = PBXGroup;
			children = (
				3EFDBFB325E88E12003851F6 /* WardModel.swift */,
			);
			path = Model;
			sourceTree = "<group>";
		};
		3EFDBFB725E8905B003851F6 /* Data */ = {
			isa = PBXGroup;
			children = (
				3EFDBFB825E89079003851F6 /* WardData.swift */,
			);
			path = Data;
			sourceTree = "<group>";
		};
/* End PBXGroup section */

/* Begin PBXNativeTarget section */
		3EFDBF8625E7F5B5003851F6 /* SmartCare */ = {
			isa = PBXNativeTarget;
			buildConfigurationList = 3EFDBF9625E7F5B9003851F6 /* Build configuration list for PBXNativeTarget "SmartCare" */;
			buildPhases = (
				3EFDBF8325E7F5B5003851F6 /* Sources */,
				3EFDBF8425E7F5B5003851F6 /* Frameworks */,
				3EFDBF8525E7F5B5003851F6 /* Resources */,
			);
			buildRules = (
			);
			dependencies = (
			);
			name = SmartCare;
			productName = SmartCare;
			productReference = 3EFDBF8725E7F5B5003851F6 /* SmartCare.app */;
			productType = "com.apple.product-type.application";
		};
/* End PBXNativeTarget section */

/* Begin PBXProject section */
		3EFDBF7F25E7F5B5003851F6 /* Project object */ = {
			isa = PBXProject;
			attributes = {
				LastSwiftUpdateCheck = 1240;
				LastUpgradeCheck = 1240;
				TargetAttributes = {
					3EFDBF8625E7F5B5003851F6 = {
						CreatedOnToolsVersion = 12.4;
					};
				};
			};
			buildConfigurationList = 3EFDBF8225E7F5B5003851F6 /* Build configuration list for PBXProject "SmartCare" */;
			compatibilityVersion = "Xcode 9.3";
			developmentRegion = en;
			hasScannedForEncodings = 0;
			knownRegions = (
				en,
				Base,
			);
			mainGroup = 3EFDBF7E25E7F5B5003851F6;
			productRefGroup = 3EFDBF8825E7F5B5003851F6 /* Products */;
			projectDirPath = "";
			projectRoot = "";
			targets = (
				3EFDBF8625E7F5B5003851F6 /* SmartCare */,
			);
		};
/* End PBXProject section */

/* Begin PBXResourcesBuildPhase section */
		3EFDBF8525E7F5B5003851F6 /* Resources */ = {
			isa = PBXResourcesBuildPhase;
			buildActionMask = 2147483647;
			files = (
				3EFDBF9225E7F5B9003851F6 /* Preview Assets.xcassets in Resources */,
				3EFDBF8F25E7F5B9003851F6 /* Assets.xcassets in Resources */,
			);
			runOnlyForDeploymentPostprocessing = 0;
		};
/* End PBXResourcesBuildPhase section */

/* Begin PBXSourcesBuildPhase section */
		3EFDBF8325E7F5B5003851F6 /* Sources */ = {
			isa = PBXSourcesBuildPhase;
			buildActionMask = 2147483647;
			files = (
				3EFDBF8D25E7F5B5003851F6 /* ContentView.swift in Sources */,
				3EFDBFB425E88E12003851F6 /* WardModel.swift in Sources */,
				3EFDBFA525E80DAD003851F6 /* StartButtonView.swift in Sources */,
				3EFDBFB025E88491003851F6 /* OnBoardingView.swift in Sources */,
				3EFDBFAB25E8196D003851F6 /* SelectButtonView.swift in Sources */,
				3EFDBFA225E806DF003851F6 /* WardCareView.swift in Sources */,
				3EFDBFB925E89079003851F6 /* WardData.swift in Sources */,
				3EFDBFA825E81592003851F6 /* Homepage.swift in Sources */,
				3EFDBF8B25E7F5B5003851F6 /* SmartCareApp.swift in Sources */,
			);
			runOnlyForDeploymentPostprocessing = 0;
		};
/* End PBXSourcesBuildPhase section */

/* Begin XCBuildConfiguration section */
		3EFDBF9425E7F5B9003851F6 /* Debug */ = {
			isa = XCBuildConfiguration;
			buildSettings = {
				ALWAYS_SEARCH_USER_PATHS = NO;
				CLANG_ANALYZER_NONNULL = YES;
				CLANG_ANALYZER_NUMBER_OBJECT_CONVERSION = YES_AGGRESSIVE;
				CLANG_CXX_LANGUAGE_STANDARD = "gnu++14";
				CLANG_CXX_LIBRARY = "libc++";
				CLANG_ENABLE_MODULES = YES;
				CLANG_ENABLE_OBJC_ARC = YES;
				CLANG_ENABLE_OBJC_WEAK = YES;
				CLANG_WARN_BLOCK_CAPTURE_AUTORELEASING = YES;
				CLANG_WARN_BOOL_CONVERSION = YES;
				CLANG_WARN_COMMA = YES;
				CLANG_WARN_CONSTANT_CONVERSION = YES;
				CLANG_WARN_DEPRECATED_OBJC_IMPLEMENTATIONS = YES;
				CLANG_WARN_DIRECT_OBJC_ISA_USAGE = YES_ERROR;
				CLANG_WARN_DOCUMENTATION_COMMENTS = YES;
				CLANG_WARN_EMPTY_BODY = YES;
				CLANG_WARN_ENUM_CONVERSION = YES;
				CLANG_WARN_INFINITE_RECURSION = YES;
				CLANG_WARN_INT_CONVERSION = YES;
				CLANG_WARN_NON_LITERAL_NULL_CONVERSION = YES;
				CLANG_WARN_OBJC_IMPLICIT_RETAIN_SELF = YES;
				CLANG_WARN_OBJC_LITERAL_CONVERSION = YES;
				CLANG_WARN_OBJC_ROOT_CLASS = YES_ERROR;
				CLANG_WARN_QUOTED_INCLUDE_IN_FRAMEWORK_HEADER = YES;
				CLANG_WARN_RANGE_LOOP_ANALYSIS = YES;
				CLANG_WARN_STRICT_PROTOTYPES = YES;
				CLANG_WARN_SUSPICIOUS_MOVE = YES;
				CLANG_WARN_UNGUARDED_AVAILABILITY = YES_AGGRESSIVE;
				CLANG_WARN_UNREACHABLE_CODE = YES;
				CLANG_WARN__DUPLICATE_METHOD_MATCH = YES;
				COPY_PHASE_STRIP = NO;
				DEBUG_INFORMATION_FORMAT = dwarf;
				ENABLE_STRICT_OBJC_MSGSEND = YES;
				ENABLE_TESTABILITY = YES;
				GCC_C_LANGUAGE_STANDARD = gnu11;
				GCC_DYNAMIC_NO_PIC = NO;
				GCC_NO_COMMON_BLOCKS = YES;
				GCC_OPTIMIZATION_LEVEL = 0;
				GCC_PREPROCESSOR_DEFINITIONS = (
					"DEBUG=1",
					"$(inherited)",
				);
				GCC_WARN_64_TO_32_BIT_CONVERSION = YES;
				GCC_WARN_ABOUT_RETURN_TYPE = YES_ERROR;
				GCC_WARN_UNDECLARED_SELECTOR = YES;
				GCC_WARN_UNINITIALIZED_AUTOS = YES_AGGRESSIVE;
				GCC_WARN_UNUSED_FUNCTION = YES;
				GCC_WARN_UNUSED_VARIABLE = YES;
				IPHONEOS_DEPLOYMENT_TARGET = 14.4;
				MTL_ENABLE_DEBUG_INFO = INCLUDE_SOURCE;
				MTL_FAST_MATH = YES;
				ONLY_ACTIVE_ARCH = YES;
				SDKROOT = iphoneos;
				SWIFT_ACTIVE_COMPILATION_CONDITIONS = DEBUG;
				SWIFT_OPTIMIZATION_LEVEL = "-Onone";
			};
			name = Debug;
		};
		3EFDBF9525E7F5B9003851F6 /* Release */ = {
			isa = XCBuildConfiguration;
			buildSettings = {
				ALWAYS_SEARCH_USER_PATHS = NO;
				CLANG_ANALYZER_NONNULL = YES;
				CLANG_ANALYZER_NUMBER_OBJECT_CONVERSION = YES_AGGRESSIVE;
				CLANG_CXX_LANGUAGE_STANDARD = "gnu++14";
				CLANG_CXX_LIBRARY = "libc++";
				CLANG_ENABLE_MODULES = YES;
				CLANG_ENABLE_OBJC_ARC = YES;
				CLANG_ENABLE_OBJC_WEAK = YES;
				CLANG_WARN_BLOCK_CAPTURE_AUTORELEASING = YES;
				CLANG_WARN_BOOL_CONVERSION = YES;
				CLANG_WARN_COMMA = YES;
				CLANG_WARN_CONSTANT_CONVERSION = YES;
				CLANG_WARN_DEPRECATED_OBJC_IMPLEMENTATIONS = YES;
				CLANG_WARN_DIRECT_OBJC_ISA_USAGE = YES_ERROR;
				CLANG_WARN_DOCUMENTATION_COMMENTS = YES;
				CLANG_WARN_EMPTY_BODY = YES;
				CLANG_WARN_ENUM_CONVERSION = YES;
				CLANG_WARN_INFINITE_RECURSION = YES;
				CLANG_WARN_INT_CONVERSION = YES;
				CLANG_WARN_NON_LITERAL_NULL_CONVERSION = YES;
				CLANG_WARN_OBJC_IMPLICIT_RETAIN_SELF = YES;
				CLANG_WARN_OBJC_LITERAL_CONVERSION = YES;
				CLANG_WARN_OBJC_ROOT_CLASS = YES_ERROR;
				CLANG_WARN_QUOTED_INCLUDE_IN_FRAMEWORK_HEADER = YES;
				CLANG_WARN_RANGE_LOOP_ANALYSIS = YES;
				CLANG_WARN_STRICT_PROTOTYPES = YES;
				CLANG_WARN_SUSPICIOUS_MOVE = YES;
				CLANG_WARN_UNGUARDED_AVAILABILITY = YES_AGGRESSIVE;
				CLANG_WARN_UNREACHABLE_CODE = YES;
				CLANG_WARN__DUPLICATE_METHOD_MATCH = YES;
				COPY_PHASE_STRIP = NO;
				DEBUG_INFORMATION_FORMAT = "dwarf-with-dsym";
				ENABLE_NS_ASSERTIONS = NO;
				ENABLE_STRICT_OBJC_MSGSEND = YES;
				GCC_C_LANGUAGE_STANDARD = gnu11;
				GCC_NO_COMMON_BLOCKS = YES;
				GCC_WARN_64_TO_32_BIT_CONVERSION = YES;
				GCC_WARN_ABOUT_RETURN_TYPE = YES_ERROR;
				GCC_WARN_UNDECLARED_SELECTOR = YES;
				GCC_WARN_UNINITIALIZED_AUTOS = YES_AGGRESSIVE;
				GCC_WARN_UNUSED_FUNCTION = YES;
				GCC_WARN_UNUSED_VARIABLE = YES;
				IPHONEOS_DEPLOYMENT_TARGET = 14.4;
				MTL_ENABLE_DEBUG_INFO = NO;
				MTL_FAST_MATH = YES;
				SDKROOT = iphoneos;
				SWIFT_COMPILATION_MODE = wholemodule;
				SWIFT_OPTIMIZATION_LEVEL = "-O";
				VALIDATE_PRODUCT = YES;
			};
			name = Release;
		};
		3EFDBF9725E7F5B9003851F6 /* Debug */ = {
			isa = XCBuildConfiguration;
			buildSettings = {
				ASSETCATALOG_COMPILER_APPICON_NAME = AppIcon;
				ASSETCATALOG_COMPILER_GLOBAL_ACCENT_COLOR_NAME = AccentColor;
				CODE_SIGN_STYLE = Automatic;
				DEVELOPMENT_ASSET_PATHS = "\"SmartCare/Preview Content\"";
				ENABLE_PREVIEWS = YES;
				INFOPLIST_FILE = SmartCare/Info.plist;
				IPHONEOS_DEPLOYMENT_TARGET = 14.0;
				LD_RUNPATH_SEARCH_PATHS = (
					"$(inherited)",
					"@executable_path/Frameworks",
				);
				PRODUCT_BUNDLE_IDENTIFIER = Nirawit.AFSN.SmartCare;
				PRODUCT_NAME = "$(TARGET_NAME)";
				SWIFT_VERSION = 5.0;
				TARGETED_DEVICE_FAMILY = "1,2";
			};
			name = Debug;
		};
		3EFDBF9825E7F5B9003851F6 /* Release */ = {
			isa = XCBuildConfiguration;
			buildSettings = {
				ASSETCATALOG_COMPILER_APPICON_NAME = AppIcon;
				ASSETCATALOG_COMPILER_GLOBAL_ACCENT_COLOR_NAME = AccentColor;
				CODE_SIGN_STYLE = Automatic;
				DEVELOPMENT_ASSET_PATHS = "\"SmartCare/Preview Content\"";
				ENABLE_PREVIEWS = YES;
				INFOPLIST_FILE = SmartCare/Info.plist;
				IPHONEOS_DEPLOYMENT_TARGET = 14.0;
				LD_RUNPATH_SEARCH_PATHS = (
					"$(inherited)",
					"@executable_path/Frameworks",
				);
				PRODUCT_BUNDLE_IDENTIFIER = Nirawit.AFSN.SmartCare;
				PRODUCT_NAME = "$(TARGET_NAME)";
				SWIFT_VERSION = 5.0;
				TARGETED_DEVICE_FAMILY = "1,2";
			};
			name = Release;
		};
/* End XCBuildConfiguration section */

/* Begin XCConfigurationList section */
		3EFDBF8225E7F5B5003851F6 /* Build configuration list for PBXProject "SmartCare" */ = {
			isa = XCConfigurationList;
			buildConfigurations = (
				3EFDBF9425E7F5B9003851F6 /* Debug */,
				3EFDBF9525E7F5B9003851F6 /* Release */,
			);
			defaultConfigurationIsVisible = 0;
			defaultConfigurationName = Release;
		};
		3EFDBF9625E7F5B9003851F6 /* Build configuration list for PBXNativeTarget "SmartCare" */ = {
			isa = XCConfigurationList;
			buildConfigurations = (
				3EFDBF9725E7F5B9003851F6 /* Debug */,
				3EFDBF9825E7F5B9003851F6 /* Release */,
			);
			defaultConfigurationIsVisible = 0;
			defaultConfigurationName = Release;
		};
/* End XCConfigurationList section */
	};
	rootObject = 3EFDBF7F25E7F5B5003851F6 /* Project object */;
}
